
Microsoft Visual Studio Solution File, Format Version 12.00
# Visual Studio 14
VisualStudioVersion = 14.0.24720.0
MinimumVisualStudioVersion = 10.0.40219.1
Project("{FAE04EC0-301F-11D3-BF4B-00C04F79EFBC}") = "ScaleGrowthAnyGasMod", "ScaleGrowthAnyGas\ScaleGrowthAnyGasMod.csproj", "{256362C3-D3C5-48AE-9033-B88C6431DF34}"
EndProject
Project("{FAE04EC0-301F-11D3-BF4B-00C04F79EFBC}") = "FasterTravelTube", "FasterTravelTube\FasterTravelTube.csproj", "{F8664286-E9C1-4F01-8990-EBBD096519AA}"
EndProject
Project("{FAE04EC0-301F-11D3-BF4B-00C04F79EFBC}") = "LessIrrigationMod", "LessIrrigation\LessIrrigationMod.csproj", "{3269030A-9793-407A-BD53-01CAEBDA21E0}"
EndProject
Project("{FAE04EC0-301F-11D3-BF4B-00C04F79EFBC}") = "CustomizeBuildingsMod", "EasierBuildings\CustomizeBuildingsMod.csproj", "{2E95459E-85F3-4CAC-8E24-65EFDD6DEF07}"
EndProject
Project("{FAE04EC0-301F-11D3-BF4B-00C04F79EFBC}") = "CarePackagesMod", "CarePackagesMod\CarePackagesMod.csproj", "{4C0CBB9B-C5D4-4F04-B686-2357062CC11B}"
EndProject
Project("{FAE04EC0-301F-11D3-BF4B-00C04F79EFBC}") = "CustomAirFilter", "CustomAirFilter\CustomAirFilter.csproj", "{F0FA4709-0BD8-4EE1-9226-E7F072C3D33C}"
EndProject
Project("{FAE04EC0-301F-11D3-BF4B-00C04F79EFBC}") = "EggCritterSurplus", "EggCritterSurplus\EggCritterSurplus.csproj", "{6991E751-278E-4086-B415-9C7A164C2F43}"
EndProject
Project("{FAE04EC0-301F-11D3-BF4B-00C04F79EFBC}") = "CustomizeGeyser", "CustomizeGeyser\CustomizeGeyser.csproj", "{7580D3F4-9B4B-4AEE-B51B-6535043742ED}"
EndProject
Global
	GlobalSection(SolutionConfigurationPlatforms) = preSolution
		Debug|Any CPU = Debug|Any CPU
		Release|Any CPU = Release|Any CPU
	EndGlobalSection
	GlobalSection(ProjectConfigurationPlatforms) = postSolution
		{256362C3-D3C5-48AE-9033-B88C6431DF34}.Debug|Any CPU.ActiveCfg = Debug|Any CPU
		{256362C3-D3C5-48AE-9033-B88C6431DF34}.Debug|Any CPU.Build.0 = Debug|Any CPU
		{256362C3-D3C5-48AE-9033-B88C6431DF34}.Release|Any CPU.ActiveCfg = Release|Any CPU
		{256362C3-D3C5-48AE-9033-B88C6431DF34}.Release|Any CPU.Build.0 = Release|Any CPU
		{F8664286-E9C1-4F01-8990-EBBD096519AA}.Debug|Any CPU.ActiveCfg = Debug|Any CPU
		{F8664286-E9C1-4F01-8990-EBBD096519AA}.Debug|Any CPU.Build.0 = Debug|Any CPU
		{F8664286-E9C1-4F01-8990-EBBD096519AA}.Release|Any CPU.ActiveCfg = Release|Any CPU
		{F8664286-E9C1-4F01-8990-EBBD096519AA}.Release|Any CPU.Build.0 = Release|Any CPU
		{3269030A-9793-407A-BD53-01CAEBDA21E0}.Debug|Any CPU.ActiveCfg = Debug|Any CPU
		{3269030A-9793-407A-BD53-01CAEBDA21E0}.Debug|Any CPU.Build.0 = Debug|Any CPU
		{3269030A-9793-407A-BD53-01CAEBDA21E0}.Release|Any CPU.ActiveCfg = Release|Any CPU
		{3269030A-9793-407A-BD53-01CAEBDA21E0}.Release|Any CPU.Build.0 = Release|Any CPU
		{2E95459E-85F3-4CAC-8E24-65EFDD6DEF07}.Debug|Any CPU.ActiveCfg = Debug|Any CPU
		{2E95459E-85F3-4CAC-8E24-65EFDD6DEF07}.Debug|Any CPU.Build.0 = Debug|Any CPU
		{2E95459E-85F3-4CAC-8E24-65EFDD6DEF07}.Release|Any CPU.ActiveCfg = Release|Any CPU
		{2E95459E-85F3-4CAC-8E24-65EFDD6DEF07}.Release|Any CPU.Build.0 = Release|Any CPU
		{4C0CBB9B-C5D4-4F04-B686-2357062CC11B}.Debug|Any CPU.ActiveCfg = Debug|Any CPU
		{4C0CBB9B-C5D4-4F04-B686-2357062CC11B}.Debug|Any CPU.Build.0 = Debug|Any CPU
		{4C0CBB9B-C5D4-4F04-B686-2357062CC11B}.Release|Any CPU.ActiveCfg = Release|Any CPU
		{4C0CBB9B-C5D4-4F04-B686-2357062CC11B}.Release|Any CPU.Build.0 = Release|Any CPU
		{F0FA4709-0BD8-4EE1-9226-E7F072C3D33C}.Debug|Any CPU.ActiveCfg = Debug|Any CPU
		{F0FA4709-0BD8-4EE1-9226-E7F072C3D33C}.Debug|Any CPU.Build.0 = Debug|Any CPU
		{F0FA4709-0BD8-4EE1-9226-E7F072C3D33C}.Release|Any CPU.ActiveCfg = Release|Any CPU
		{F0FA4709-0BD8-4EE1-9226-E7F072C3D33C}.Release|Any CPU.Build.0 = Release|Any CPU
		{6991E751-278E-4086-B415-9C7A164C2F43}.Debug|Any CPU.ActiveCfg = Debug|Any CPU
		{6991E751-278E-4086-B415-9C7A164C2F43}.Debug|Any CPU.Build.0 = Debug|Any CPU
		{6991E751-278E-4086-B415-9C7A164C2F43}.Release|Any CPU.ActiveCfg = Release|Any CPU
		{6991E751-278E-4086-B415-9C7A164C2F43}.Release|Any CPU.Build.0 = Release|Any CPU
		{7580D3F4-9B4B-4AEE-B51B-6535043742ED}.Debug|Any CPU.ActiveCfg = Debug|Any CPU
		{7580D3F4-9B4B-4AEE-B51B-6535043742ED}.Debug|Any CPU.Build.0 = Debug|Any CPU
		{7580D3F4-9B4B-4AEE-B51B-6535043742ED}.Release|Any CPU.ActiveCfg = Release|Any CPU
		{7580D3F4-9B4B-4AEE-B51B-6535043742ED}.Release|Any CPU.Build.0 = Release|Any CPU
	EndGlobalSection
	GlobalSection(SolutionProperties) = preSolution
		HideSolutionNode = FALSE
	EndGlobalSection
EndGlobal
